
Microsoft Visual Studio Solution File, Format Version 12.00
# Visual Studio 14
VisualStudioVersion = 14.0.23107.0
MinimumVisualStudioVersion = 10.0.40219.1
Project("{FAE04EC0-301F-11D3-BF4B-00C04F79EFBC}") = "SoftwareLocker", "SoftwareLocker\SoftwareLocker.csproj", "{2A803CAE-16F1-44C4-BF6D-2CAE88CDE659}"
EndProject
Project("{FAE04EC0-301F-11D3-BF4B-00C04F79EFBC}") = "SerialMaker", "SerialMaker\SerialMaker.csproj", "{41342E6B-2AF1-449B-B78D-45E32B17B13B}"
EndProject
Project("{FAE04EC0-301F-11D3-BF4B-00C04F79EFBC}") = "Example", "Example\Example.csproj", "{BC1B622E-5D95-4BCB-88B9-908BF297BCA5}"
EndProject
Global
	GlobalSection(SolutionConfigurationPlatforms) = preSolution
		Debug|Any CPU = Debug|Any CPU
		Release|Any CPU = Release|Any CPU
	EndGlobalSection
	GlobalSection(ProjectConfigurationPlatforms) = postSolution
		{2A803CAE-16F1-44C4-BF6D-2CAE88CDE659}.Debug|Any CPU.ActiveCfg = Debug|Any CPU
		{2A803CAE-16F1-44C4-BF6D-2CAE88CDE659}.Debug|Any CPU.Build.0 = Debug|Any CPU
		{2A803CAE-16F1-44C4-BF6D-2CAE88CDE659}.Release|Any CPU.ActiveCfg = Release|Any CPU
		{2A803CAE-16F1-44C4-BF6D-2CAE88CDE659}.Release|Any CPU.Build.0 = Release|Any CPU
		{41342E6B-2AF1-449B-B78D-45E32B17B13B}.Debug|Any CPU.ActiveCfg = Debug|Any CPU
		{41342E6B-2AF1-449B-B78D-45E32B17B13B}.Debug|Any CPU.Build.0 = Debug|Any CPU
		{41342E6B-2AF1-449B-B78D-45E32B17B13B}.Release|Any CPU.ActiveCfg = Release|Any CPU
		{41342E6B-2AF1-449B-B78D-45E32B17B13B}.Release|Any CPU.Build.0 = Release|Any CPU
		{BC1B622E-5D95-4BCB-88B9-908BF297BCA5}.Debug|Any CPU.ActiveCfg = Debug|Any CPU
		{BC1B622E-5D95-4BCB-88B9-908BF297BCA5}.Debug|Any CPU.Build.0 = Debug|Any CPU
		{BC1B622E-5D95-4BCB-88B9-908BF297BCA5}.Release|Any CPU.ActiveCfg = Release|Any CPU
		{BC1B622E-5D95-4BCB-88B9-908BF297BCA5}.Release|Any CPU.Build.0 = Release|Any CPU
	EndGlobalSection
	GlobalSection(SolutionProperties) = preSolution
		HideSolutionNode = FALSE
	EndGlobalSection
EndGlobal
