
Microsoft Visual Studio Solution File, Format Version 12.00
# Visual Studio 14
VisualStudioVersion = 14.0.25420.1
MinimumVisualStudioVersion = 10.0.40219.1
Project("{FAE04EC0-301F-11D3-BF4B-00C04F79EFBC}") = "DBManager", "..\DBManager\DBManager.csproj", "{FB1A78F8-9DB8-47BE-B966-A610F1AE47B9}"
EndProject
Project("{FAE04EC0-301F-11D3-BF4B-00C04F79EFBC}") = "FileParser", "..\FileParser\FileParser.csproj", "{E3C0CC77-8015-46F2-9931-0ADC3319636E}"
EndProject
Project("{FAE04EC0-301F-11D3-BF4B-00C04F79EFBC}") = "JavaProperties", "..\JavaProperties\JavaProperties.csproj", "{FF92DA5F-57D7-471A-9CFB-BAD3930F64F3}"
EndProject
Project("{FAE04EC0-301F-11D3-BF4B-00C04F79EFBC}") = "UserManagement", "..\UserManagement\UserManagement.csproj", "{45ABE1CF-134E-4476-AF80-3875F1D6C2B4}"
EndProject
Project("{FAE04EC0-301F-11D3-BF4B-00C04F79EFBC}") = "Validator", "..\Validator\Validator.csproj", "{87D24BFF-5031-4716-BF01-3EA42C791538}"
EndProject
Global
	GlobalSection(SolutionConfigurationPlatforms) = preSolution
		Debug|Any CPU = Debug|Any CPU
		PCE|Any CPU = PCE|Any CPU
		Release|Any CPU = Release|Any CPU
		SMD|Any CPU = SMD|Any CPU
	EndGlobalSection
	GlobalSection(ProjectConfigurationPlatforms) = postSolution
		{FB1A78F8-9DB8-47BE-B966-A610F1AE47B9}.Debug|Any CPU.ActiveCfg = Debug|Any CPU
		{FB1A78F8-9DB8-47BE-B966-A610F1AE47B9}.Debug|Any CPU.Build.0 = Debug|Any CPU
		{FB1A78F8-9DB8-47BE-B966-A610F1AE47B9}.PCE|Any CPU.ActiveCfg = PCE|Any CPU
		{FB1A78F8-9DB8-47BE-B966-A610F1AE47B9}.PCE|Any CPU.Build.0 = PCE|Any CPU
		{FB1A78F8-9DB8-47BE-B966-A610F1AE47B9}.Release|Any CPU.ActiveCfg = Release|Any CPU
		{FB1A78F8-9DB8-47BE-B966-A610F1AE47B9}.Release|Any CPU.Build.0 = Release|Any CPU
		{FB1A78F8-9DB8-47BE-B966-A610F1AE47B9}.SMD|Any CPU.ActiveCfg = SMD|Any CPU
		{FB1A78F8-9DB8-47BE-B966-A610F1AE47B9}.SMD|Any CPU.Build.0 = SMD|Any CPU
		{E3C0CC77-8015-46F2-9931-0ADC3319636E}.Debug|Any CPU.ActiveCfg = Debug|Any CPU
		{E3C0CC77-8015-46F2-9931-0ADC3319636E}.Debug|Any CPU.Build.0 = Debug|Any CPU
		{E3C0CC77-8015-46F2-9931-0ADC3319636E}.PCE|Any CPU.ActiveCfg = PCE|Any CPU
		{E3C0CC77-8015-46F2-9931-0ADC3319636E}.PCE|Any CPU.Build.0 = PCE|Any CPU
		{E3C0CC77-8015-46F2-9931-0ADC3319636E}.Release|Any CPU.ActiveCfg = Release|Any CPU
		{E3C0CC77-8015-46F2-9931-0ADC3319636E}.Release|Any CPU.Build.0 = Release|Any CPU
		{E3C0CC77-8015-46F2-9931-0ADC3319636E}.SMD|Any CPU.ActiveCfg = SMD|Any CPU
		{E3C0CC77-8015-46F2-9931-0ADC3319636E}.SMD|Any CPU.Build.0 = SMD|Any CPU
		{FF92DA5F-57D7-471A-9CFB-BAD3930F64F3}.Debug|Any CPU.ActiveCfg = Debug|Any CPU
		{FF92DA5F-57D7-471A-9CFB-BAD3930F64F3}.Debug|Any CPU.Build.0 = Debug|Any CPU
		{FF92DA5F-57D7-471A-9CFB-BAD3930F64F3}.PCE|Any CPU.ActiveCfg = PCE|Any CPU
		{FF92DA5F-57D7-471A-9CFB-BAD3930F64F3}.PCE|Any CPU.Build.0 = PCE|Any CPU
		{FF92DA5F-57D7-471A-9CFB-BAD3930F64F3}.Release|Any CPU.ActiveCfg = Release|Any CPU
		{FF92DA5F-57D7-471A-9CFB-BAD3930F64F3}.Release|Any CPU.Build.0 = Release|Any CPU
		{FF92DA5F-57D7-471A-9CFB-BAD3930F64F3}.SMD|Any CPU.ActiveCfg = SMD|Any CPU
		{FF92DA5F-57D7-471A-9CFB-BAD3930F64F3}.SMD|Any CPU.Build.0 = SMD|Any CPU
		{45ABE1CF-134E-4476-AF80-3875F1D6C2B4}.Debug|Any CPU.ActiveCfg = Debug|Any CPU
		{45ABE1CF-134E-4476-AF80-3875F1D6C2B4}.Debug|Any CPU.Build.0 = Debug|Any CPU
		{45ABE1CF-134E-4476-AF80-3875F1D6C2B4}.PCE|Any CPU.ActiveCfg = Release|Any CPU
		{45ABE1CF-134E-4476-AF80-3875F1D6C2B4}.PCE|Any CPU.Build.0 = Release|Any CPU
		{45ABE1CF-134E-4476-AF80-3875F1D6C2B4}.Release|Any CPU.ActiveCfg = Release|Any CPU
		{45ABE1CF-134E-4476-AF80-3875F1D6C2B4}.Release|Any CPU.Build.0 = Release|Any CPU
		{45ABE1CF-134E-4476-AF80-3875F1D6C2B4}.SMD|Any CPU.ActiveCfg = Release|Any CPU
		{45ABE1CF-134E-4476-AF80-3875F1D6C2B4}.SMD|Any CPU.Build.0 = Release|Any CPU
		{87D24BFF-5031-4716-BF01-3EA42C791538}.Debug|Any CPU.ActiveCfg = Debug|Any CPU
		{87D24BFF-5031-4716-BF01-3EA42C791538}.Debug|Any CPU.Build.0 = Debug|Any CPU
		{87D24BFF-5031-4716-BF01-3EA42C791538}.PCE|Any CPU.ActiveCfg = Release|Any CPU
		{87D24BFF-5031-4716-BF01-3EA42C791538}.PCE|Any CPU.Build.0 = Release|Any CPU
		{87D24BFF-5031-4716-BF01-3EA42C791538}.Release|Any CPU.ActiveCfg = Release|Any CPU
		{87D24BFF-5031-4716-BF01-3EA42C791538}.Release|Any CPU.Build.0 = Release|Any CPU
		{87D24BFF-5031-4716-BF01-3EA42C791538}.SMD|Any CPU.ActiveCfg = Release|Any CPU
		{87D24BFF-5031-4716-BF01-3EA42C791538}.SMD|Any CPU.Build.0 = Release|Any CPU
	EndGlobalSection
	GlobalSection(SolutionProperties) = preSolution
		HideSolutionNode = FALSE
	EndGlobalSection
EndGlobal
